
Microsoft Visual Studio Solution File, Format Version 12.00
# Visual Studio Version 17
VisualStudioVersion = 17.8.34316.72
MinimumVisualStudioVersion = 10.0.40219.1
Project("{FAE04EC0-301F-11D3-BF4B-00C04F79EFBC}") = "HangFire.WEB", "HangFire.WEB\HangFire.WEB.csproj", "{935BD500-FF53-4B40-9D19-8AF946624C5D}"
EndProject
Global
	GlobalSection(SolutionConfigurationPlatforms) = preSolution
		Debug|Any CPU = Debug|Any CPU
		Release|Any CPU = Release|Any CPU
	EndGlobalSection
	GlobalSection(ProjectConfigurationPlatforms) = postSolution
		{935BD500-FF53-4B40-9D19-8AF946624C5D}.Debug|Any CPU.ActiveCfg = Debug|Any CPU
		{935BD500-FF53-4B40-9D19-8AF946624C5D}.Debug|Any CPU.Build.0 = Debug|Any CPU
		{935BD500-FF53-4B40-9D19-8AF946624C5D}.Release|Any CPU.ActiveCfg = Release|Any CPU
		{935BD500-FF53-4B40-9D19-8AF946624C5D}.Release|Any CPU.Build.0 = Release|Any CPU
	EndGlobalSection
	GlobalSection(SolutionProperties) = preSolution
		HideSolutionNode = FALSE
	EndGlobalSection
	GlobalSection(ExtensibilityGlobals) = postSolution
		SolutionGuid = {72958D9B-77E3-4CB3-87B2-8CD4C859D5BF}
	EndGlobalSection
EndGlobal
